
Microsoft Visual Studio Solution File, Format Version 12.00
# Visual Studio Version 17
VisualStudioVersion = 17.14.36429.23 d17.14
MinimumVisualStudioVersion = 10.0.40219.1
Project("{FAE04EC0-301F-11D3-BF4B-00C04F79EFBC}") = "Harmony.Service.AspNetCore", "Harmony.Service.AspNetCore\Harmony.Service.AspNetCore.csproj", "{8918FA68-D1EB-4610-96D5-21C150EACA9C}"
EndProject
Global
	GlobalSection(SolutionConfigurationPlatforms) = preSolution
		Debug|Any CPU = Debug|Any CPU
		Release|Any CPU = Release|Any CPU
	EndGlobalSection
	GlobalSection(ProjectConfigurationPlatforms) = postSolution
		{8918FA68-D1EB-4610-96D5-21C150EACA9C}.Debug|Any CPU.ActiveCfg = Debug|Any CPU
		{8918FA68-D1EB-4610-96D5-21C150EACA9C}.Debug|Any CPU.Build.0 = Debug|Any CPU
		{8918FA68-D1EB-4610-96D5-21C150EACA9C}.Release|Any CPU.ActiveCfg = Release|Any CPU
		{8918FA68-D1EB-4610-96D5-21C150EACA9C}.Release|Any CPU.Build.0 = Release|Any CPU
	EndGlobalSection
	GlobalSection(SolutionProperties) = preSolution
		HideSolutionNode = FALSE
	EndGlobalSection
	GlobalSection(ExtensibilityGlobals) = postSolution
		SolutionGuid = {7FA2360D-EDAC-4476-A35A-2913E2B81572}
	EndGlobalSection
EndGlobal
