
Microsoft Visual Studio Solution File, Format Version 12.00
# Visual Studio Version 17
VisualStudioVersion = 17.14.36429.23
MinimumVisualStudioVersion = 10.0.40219.1
Project("{FAE04EC0-301F-11D3-BF4B-00C04F79EFBC}") = "Hime.Harmony.Service.AspNetCore", "Hime.Harmony.Service.AspNetCore\Hime.Harmony.Service.AspNetCore.csproj", "{B79B93E7-5D47-4A17-B477-672732CA4325}"
	ProjectSection(ProjectDependencies) = postProject
		{CA876E0F-9438-EF44-926C-43D48BFD0147} = {CA876E0F-9438-EF44-926C-43D48BFD0147}
	EndProjectSection
EndProject
Project("{FAE04EC0-301F-11D3-BF4B-00C04F79EFBC}") = "Hime.Harmony", "Harmony\Hime.Harmony\Hime.Harmony.csproj", "{CA876E0F-9438-EF44-926C-43D48BFD0147}"
EndProject
Global
	GlobalSection(SolutionConfigurationPlatforms) = preSolution
		Debug|Any CPU = Debug|Any CPU
		Release|Any CPU = Release|Any CPU
	EndGlobalSection
	GlobalSection(ProjectConfigurationPlatforms) = postSolution
		{B79B93E7-5D47-4A17-B477-672732CA4325}.Debug|Any CPU.ActiveCfg = Debug|Any CPU
		{B79B93E7-5D47-4A17-B477-672732CA4325}.Debug|Any CPU.Build.0 = Debug|Any CPU
		{B79B93E7-5D47-4A17-B477-672732CA4325}.Release|Any CPU.ActiveCfg = Release|Any CPU
		{B79B93E7-5D47-4A17-B477-672732CA4325}.Release|Any CPU.Build.0 = Release|Any CPU
		{CA876E0F-9438-EF44-926C-43D48BFD0147}.Debug|Any CPU.ActiveCfg = Debug|Any CPU
		{CA876E0F-9438-EF44-926C-43D48BFD0147}.Debug|Any CPU.Build.0 = Debug|Any CPU
		{CA876E0F-9438-EF44-926C-43D48BFD0147}.Release|Any CPU.ActiveCfg = Release|Any CPU
		{CA876E0F-9438-EF44-926C-43D48BFD0147}.Release|Any CPU.Build.0 = Release|Any CPU
	EndGlobalSection
	GlobalSection(SolutionProperties) = preSolution
		HideSolutionNode = FALSE
	EndGlobalSection
	GlobalSection(ExtensibilityGlobals) = postSolution
		SolutionGuid = {B1825F81-8EE3-4364-84D4-A3C5D4D51E7E}
	EndGlobalSection
EndGlobal
